// !$*UTF8*$!
{
	archiveVersion = 1;
	classes = {
	};
	objectVersion = 48;
	objects = {

/* Begin PBXBuildFile section */
		D0DDAD001FA8E50B004A683A /* AppDelegate.swift in Sources */ = {isa = PBXBuildFile; fileRef = D0DDACFF1FA8E50B004A683A /* AppDelegate.swift */; };
		D0DDAD021FA8E50B004A683A /* Assets.xcassets in Resources */ = {isa = PBXBuildFile; fileRef = D0DDAD011FA8E50B004A683A /* Assets.xcassets */; };
		D0DDAD051FA8E50B004A683A /* LaunchScreen.storyboard in Resources */ = {isa = PBXBuildFile; fileRef = D0DDAD031FA8E50B004A683A /* LaunchScreen.storyboard */; };
		D0DDAD101FA8E50B004A683A /* zendeskGuideTests.swift in Sources */ = {isa = PBXBuildFile; fileRef = D0DDAD0F1FA8E50B004A683A /* zendeskGuideTests.swift */; };
		D0DDAD1B1FA8E572004A683A /* ArticlesTableViewController.swift in Sources */ = {isa = PBXBuildFile; fileRef = D0DDAD1A1FA8E572004A683A /* ArticlesTableViewController.swift */; };
		D0DDAD221FA8E967004A683A /* ArticleCell.swift in Sources */ = {isa = PBXBuildFile; fileRef = D0DDAD201FA8E967004A683A /* ArticleCell.swift */; };
		D0DDAD231FA8E967004A683A /* ArticleCell.xib in Resources */ = {isa = PBXBuildFile; fileRef = D0DDAD211FA8E967004A683A /* ArticleCell.xib */; };
/* End PBXBuildFile section */

/* Begin PBXContainerItemProxy section */
		D0DDAD0C1FA8E50B004A683A /* PBXContainerItemProxy */ = {
			isa = PBXContainerItemProxy;
			containerPortal = D0DDACF41FA8E50B004A683A /* Project object */;
			proxyType = 1;
			remoteGlobalIDString = D0DDACFB1FA8E50B004A683A;
			remoteInfo = zendeskGuide;
		};
/* End PBXContainerItemProxy section */

/* Begin PBXFileReference section */
		D0DDACFC1FA8E50B004A683A /* zendeskGuide.app */ = {isa = PBXFileReference; explicitFileType = wrapper.application; includeInIndex = 0; path = zendeskGuide.app; sourceTree = BUILT_PRODUCTS_DIR; };
		D0DDACFF1FA8E50B004A683A /* AppDelegate.swift */ = {isa = PBXFileReference; lastKnownFileType = sourcecode.swift; path = AppDelegate.swift; sourceTree = "<group>"; };
		D0DDAD011FA8E50B004A683A /* Assets.xcassets */ = {isa = PBXFileReference; lastKnownFileType = folder.assetcatalog; path = Assets.xcassets; sourceTree = "<group>"; };
		D0DDAD041FA8E50B004A683A /* Base */ = {isa = PBXFileReference; lastKnownFileType = file.storyboard; name = Base; path = Base.lproj/LaunchScreen.storyboard; sourceTree = "<group>"; };
		D0DDAD061FA8E50B004A683A /* Info.plist */ = {isa = PBXFileReference; lastKnownFileType = text.plist.xml; path = Info.plist; sourceTree = "<group>"; };
		D0DDAD0B1FA8E50B004A683A /* zendeskGuideTests.xctest */ = {isa = PBXFileReference; explicitFileType = wrapper.cfbundle; includeInIndex = 0; path = zendeskGuideTests.xctest; sourceTree = BUILT_PRODUCTS_DIR; };
		D0DDAD0F1FA8E50B004A683A /* zendeskGuideTests.swift */ = {isa = PBXFileReference; lastKnownFileType = sourcecode.swift; path = zendeskGuideTests.swift; sourceTree = "<group>"; };
		D0DDAD111FA8E50B004A683A /* Info.plist */ = {isa = PBXFileReference; lastKnownFileType = text.plist.xml; path = Info.plist; sourceTree = "<group>"; };
		D0DDAD1A1FA8E572004A683A /* ArticlesTableViewController.swift */ = {isa = PBXFileReference; lastKnownFileType = sourcecode.swift; path = ArticlesTableViewController.swift; sourceTree = "<group>"; };
		D0DDAD201FA8E967004A683A /* ArticleCell.swift */ = {isa = PBXFileReference; lastKnownFileType = sourcecode.swift; path = ArticleCell.swift; sourceTree = "<group>"; };
		D0DDAD211FA8E967004A683A /* ArticleCell.xib */ = {isa = PBXFileReference; lastKnownFileType = file.xib; path = ArticleCell.xib; sourceTree = "<group>"; };
/* End PBXFileReference section */

/* Begin PBXFrameworksBuildPhase section */
		D0DDACF91FA8E50B004A683A /* Frameworks */ = {
			isa = PBXFrameworksBuildPhase;
			buildActionMask = 2147483647;
			files = (
			);
			runOnlyForDeploymentPostprocessing = 0;
		};
		D0DDAD081FA8E50B004A683A /* Frameworks */ = {
			isa = PBXFrameworksBuildPhase;
			buildActionMask = 2147483647;
			files = (
			);
			runOnlyForDeploymentPostprocessing = 0;
		};
/* End PBXFrameworksBuildPhase section */

/* Begin PBXGroup section */
		D0DDACF31FA8E50B004A683A = {
			isa = PBXGroup;
			children = (
				D0DDACFE1FA8E50B004A683A /* zendeskGuide */,
				D0DDAD0E1FA8E50B004A683A /* zendeskGuideTests */,
				D0DDACFD1FA8E50B004A683A /* Products */,
			);
			sourceTree = "<group>";
		};
		D0DDACFD1FA8E50B004A683A /* Products */ = {
			isa = PBXGroup;
			children = (
				D0DDACFC1FA8E50B004A683A /* zendeskGuide.app */,
				D0DDAD0B1FA8E50B004A683A /* zendeskGuideTests.xctest */,
			);
			name = Products;
			sourceTree = "<group>";
		};
		D0DDACFE1FA8E50B004A683A /* zendeskGuide */ = {
			isa = PBXGroup;
			children = (
				D0DDACFF1FA8E50B004A683A /* AppDelegate.swift */,
				D0DDAD011FA8E50B004A683A /* Assets.xcassets */,
				D0DDAD031FA8E50B004A683A /* LaunchScreen.storyboard */,
				D0DDAD061FA8E50B004A683A /* Info.plist */,
				D0DDAD1A1FA8E572004A683A /* ArticlesTableViewController.swift */,
				D0DDAD201FA8E967004A683A /* ArticleCell.swift */,
				D0DDAD211FA8E967004A683A /* ArticleCell.xib */,
			);
			path = zendeskGuide;
			sourceTree = "<group>";
		};
		D0DDAD0E1FA8E50B004A683A /* zendeskGuideTests */ = {
			isa = PBXGroup;
			children = (
				D0DDAD0F1FA8E50B004A683A /* zendeskGuideTests.swift */,
				D0DDAD111FA8E50B004A683A /* Info.plist */,
			);
			path = zendeskGuideTests;
			sourceTree = "<group>";
		};
/* End PBXGroup section */

/* Begin PBXNativeTarget section */
		D0DDACFB1FA8E50B004A683A /* zendeskGuide */ = {
			isa = PBXNativeTarget;
			buildConfigurationList = D0DDAD141FA8E50B004A683A /* Build configuration list for PBXNativeTarget "zendeskGuide" */;
			buildPhases = (
				D0DDACF81FA8E50B004A683A /* Sources */,
				D0DDACF91FA8E50B004A683A /* Frameworks */,
				D0DDACFA1FA8E50B004A683A /* Resources */,
			);
			buildRules = (
			);
			dependencies = (
			);
			name = zendeskGuide;
			productName = zendeskGuide;
			productReference = D0DDACFC1FA8E50B004A683A /* zendeskGuide.app */;
			productType = "com.apple.product-type.application";
		};
		D0DDAD0A1FA8E50B004A683A /* zendeskGuideTests */ = {
			isa = PBXNativeTarget;
			buildConfigurationList = D0DDAD171FA8E50B004A683A /* Build configuration list for PBXNativeTarget "zendeskGuideTests" */;
			buildPhases = (
				D0DDAD071FA8E50B004A683A /* Sources */,
				D0DDAD081FA8E50B004A683A /* Frameworks */,
				D0DDAD091FA8E50B004A683A /* Resources */,
			);
			buildRules = (
			);
			dependencies = (
				D0DDAD0D1FA8E50B004A683A /* PBXTargetDependency */,
			);
			name = zendeskGuideTests;
			productName = zendeskGuideTests;
			productReference = D0DDAD0B1FA8E50B004A683A /* zendeskGuideTests.xctest */;
			productType = "com.apple.product-type.bundle.unit-test";
		};
/* End PBXNativeTarget section */

/* Begin PBXProject section */
		D0DDACF41FA8E50B004A683A /* Project object */ = {
			isa = PBXProject;
			attributes = {
				LastSwiftUpdateCheck = 0900;
				LastUpgradeCheck = 0900;
				ORGANIZATIONNAME = mibarbou;
				TargetAttributes = {
					D0DDACFB1FA8E50B004A683A = {
						CreatedOnToolsVersion = 9.0;
						ProvisioningStyle = Automatic;
					};
					D0DDAD0A1FA8E50B004A683A = {
						CreatedOnToolsVersion = 9.0;
						ProvisioningStyle = Automatic;
						TestTargetID = D0DDACFB1FA8E50B004A683A;
					};
				};
			};
			buildConfigurationList = D0DDACF71FA8E50B004A683A /* Build configuration list for PBXProject "zendeskGuide" */;
			compatibilityVersion = "Xcode 8.0";
			developmentRegion = en;
			hasScannedForEncodings = 0;
			knownRegions = (
				en,
				Base,
			);
			mainGroup = D0DDACF31FA8E50B004A683A;
			productRefGroup = D0DDACFD1FA8E50B004A683A /* Products */;
			projectDirPath = "";
			projectRoot = "";
			targets = (
				D0DDACFB1FA8E50B004A683A /* zendeskGuide */,
				D0DDAD0A1FA8E50B004A683A /* zendeskGuideTests */,
			);
		};
/* End PBXProject section */

/* Begin PBXResourcesBuildPhase section */
		D0DDACFA1FA8E50B004A683A /* Resources */ = {
			isa = PBXResourcesBuildPhase;
			buildActionMask = 2147483647;
			files = (
				D0DDAD021FA8E50B004A683A /* Assets.xcassets in Resources */,
				D0DDAD231FA8E967004A683A /* ArticleCell.xib in Resources */,
				D0DDAD051FA8E50B004A683A /* LaunchScreen.storyboard in Resources */,
			);
			runOnlyForDeploymentPostprocessing = 0;
		};
		D0DDAD091FA8E50B004A683A /* Resources */ = {
			isa = PBXResourcesBuildPhase;
			buildActionMask = 2147483647;
			files = (
			);
			runOnlyForDeploymentPostprocessing = 0;
		};
/* End PBXResourcesBuildPhase section */

/* Begin PBXSourcesBuildPhase section */
		D0DDACF81FA8E50B004A683A /* Sources */ = {
			isa = PBXSourcesBuildPhase;
			buildActionMask = 2147483647;
			files = (
				D0DDAD1B1FA8E572004A683A /* ArticlesTableViewController.swift in Sources */,
				D0DDAD001FA8E50B004A683A /* AppDelegate.swift in Sources */,
				D0DDAD221FA8E967004A683A /* ArticleCell.swift in Sources */,
			);
			runOnlyForDeploymentPostprocessing = 0;
		};
		D0DDAD071FA8E50B004A683A /* Sources */ = {
			isa = PBXSourcesBuildPhase;
			buildActionMask = 2147483647;
			files = (
				D0DDAD101FA8E50B004A683A /* zendeskGuideTests.swift in Sources */,
			);
			runOnlyForDeploymentPostprocessing = 0;
		};
/* End PBXSourcesBuildPhase section */

/* Begin PBXTargetDependency section */
		D0DDAD0D1FA8E50B004A683A /* PBXTargetDependency */ = {
			isa = PBXTargetDependency;
			target = D0DDACFB1FA8E50B004A683A /* zendeskGuide */;
			targetProxy = D0DDAD0C1FA8E50B004A683A /* PBXContainerItemProxy */;
		};
/* End PBXTargetDependency section */

/* Begin PBXVariantGroup section */
		D0DDAD031FA8E50B004A683A /* LaunchScreen.storyboard */ = {
			isa = PBXVariantGroup;
			children = (
				D0DDAD041FA8E50B004A683A /* Base */,
			);
			name = LaunchScreen.storyboard;
			sourceTree = "<group>";
		};
/* End PBXVariantGroup section */

/* Begin XCBuildConfiguration section */
		D0DDAD121FA8E50B004A683A /* Debug */ = {
			isa = XCBuildConfiguration;
			buildSettings = {
				ALWAYS_SEARCH_USER_PATHS = NO;
				CLANG_ANALYZER_NONNULL = YES;
				CLANG_ANALYZER_NUMBER_OBJECT_CONVERSION = YES_AGGRESSIVE;
				CLANG_CXX_LANGUAGE_STANDARD = "gnu++14";
				CLANG_CXX_LIBRARY = "libc++";
				CLANG_ENABLE_MODULES = YES;
				CLANG_ENABLE_OBJC_ARC = YES;
				CLANG_WARN_BLOCK_CAPTURE_AUTORELEASING = YES;
				CLANG_WARN_BOOL_CONVERSION = YES;
				CLANG_WARN_COMMA = YES;
				CLANG_WARN_CONSTANT_CONVERSION = YES;
				CLANG_WARN_DIRECT_OBJC_ISA_USAGE = YES_ERROR;
				CLANG_WARN_DOCUMENTATION_COMMENTS = YES;
				CLANG_WARN_EMPTY_BODY = YES;
				CLANG_WARN_ENUM_CONVERSION = YES;
				CLANG_WARN_INFINITE_RECURSION = YES;
				CLANG_WARN_INT_CONVERSION = YES;
				CLANG_WARN_NON_LITERAL_NULL_CONVERSION = YES;
				CLANG_WARN_OBJC_LITERAL_CONVERSION = YES;
				CLANG_WARN_OBJC_ROOT_CLASS = YES_ERROR;
				CLANG_WARN_RANGE_LOOP_ANALYSIS = YES;
				CLANG_WARN_STRICT_PROTOTYPES = YES;
				CLANG_WARN_SUSPICIOUS_MOVE = YES;
				CLANG_WARN_UNGUARDED_AVAILABILITY = YES_AGGRESSIVE;
				CLANG_WARN_UNREACHABLE_CODE = YES;
				CLANG_WARN__DUPLICATE_METHOD_MATCH = YES;
				CODE_SIGN_IDENTITY = "iPhone Developer";
				COPY_PHASE_STRIP = NO;
				DEBUG_INFORMATION_FORMAT = dwarf;
				ENABLE_STRICT_OBJC_MSGSEND = YES;
				ENABLE_TESTABILITY = YES;
				GCC_C_LANGUAGE_STANDARD = gnu11;
				GCC_DYNAMIC_NO_PIC = NO;
				GCC_NO_COMMON_BLOCKS = YES;
				GCC_OPTIMIZATION_LEVEL = 0;
				GCC_PREPROCESSOR_DEFINITIONS = (
					"DEBUG=1",
					"$(inherited)",
				);
				GCC_WARN_64_TO_32_BIT_CONVERSION = YES;
				GCC_WARN_ABOUT_RETURN_TYPE = YES_ERROR;
				GCC_WARN_UNDECLARED_SELECTOR = YES;
				GCC_WARN_UNINITIALIZED_AUTOS = YES_AGGRESSIVE;
				GCC_WARN_UNUSED_FUNCTION = YES;
				GCC_WARN_UNUSED_VARIABLE = YES;
				IPHONEOS_DEPLOYMENT_TARGET = 11.0;
				MTL_ENABLE_DEBUG_INFO = YES;
				ONLY_ACTIVE_ARCH = YES;
				SDKROOT = iphoneos;
				SWIFT_ACTIVE_COMPILATION_CONDITIONS = DEBUG;
				SWIFT_OPTIMIZATION_LEVEL = "-Onone";
			};
			name = Debug;
		};
		D0DDAD131FA8E50B004A683A /* Release */ = {
			isa = XCBuildConfiguration;
			buildSettings = {
				ALWAYS_SEARCH_USER_PATHS = NO;
				CLANG_ANALYZER_NONNULL = YES;
				CLANG_ANALYZER_NUMBER_OBJECT_CONVERSION = YES_AGGRESSIVE;
				CLANG_CXX_LANGUAGE_STANDARD = "gnu++14";
				CLANG_CXX_LIBRARY = "libc++";
				CLANG_ENABLE_MODULES = YES;
				CLANG_ENABLE_OBJC_ARC = YES;
				CLANG_WARN_BLOCK_CAPTURE_AUTORELEASING = YES;
				CLANG_WARN_BOOL_CONVERSION = YES;
				CLANG_WARN_COMMA = YES;
				CLANG_WARN_CONSTANT_CONVERSION = YES;
				CLANG_WARN_DIRECT_OBJC_ISA_USAGE = YES_ERROR;
				CLANG_WARN_DOCUMENTATION_COMMENTS = YES;
				CLANG_WARN_EMPTY_BODY = YES;
				CLANG_WARN_ENUM_CONVERSION = YES;
				CLANG_WARN_INFINITE_RECURSION = YES;
				CLANG_WARN_INT_CONVERSION = YES;
				CLANG_WARN_NON_LITERAL_NULL_CONVERSION = YES;
				CLANG_WARN_OBJC_LITERAL_CONVERSION = YES;
				CLANG_WARN_OBJC_ROOT_CLASS = YES_ERROR;
				CLANG_WARN_RANGE_LOOP_ANALYSIS = YES;
				CLANG_WARN_STRICT_PROTOTYPES = YES;
				CLANG_WARN_SUSPICIOUS_MOVE = YES;
				CLANG_WARN_UNGUARDED_AVAILABILITY = YES_AGGRESSIVE;
				CLANG_WARN_UNREACHABLE_CODE = YES;
				CLANG_WARN__DUPLICATE_METHOD_MATCH = YES;
				CODE_SIGN_IDENTITY = "iPhone Developer";
				COPY_PHASE_STRIP = NO;
				DEBUG_INFORMATION_FORMAT = "dwarf-with-dsym";
				ENABLE_NS_ASSERTIONS = NO;
				ENABLE_STRICT_OBJC_MSGSEND = YES;
				GCC_C_LANGUAGE_STANDARD = gnu11;
				GCC_NO_COMMON_BLOCKS = YES;
				GCC_WARN_64_TO_32_BIT_CONVERSION = YES;
				GCC_WARN_ABOUT_RETURN_TYPE = YES_ERROR;
				GCC_WARN_UNDECLARED_SELECTOR = YES;
				GCC_WARN_UNINITIALIZED_AUTOS = YES_AGGRESSIVE;
				GCC_WARN_UNUSED_FUNCTION = YES;
				GCC_WARN_UNUSED_VARIABLE = YES;
				IPHONEOS_DEPLOYMENT_TARGET = 11.0;
				MTL_ENABLE_DEBUG_INFO = NO;
				SDKROOT = iphoneos;
				SWIFT_OPTIMIZATION_LEVEL = "-Owholemodule";
				VALIDATE_PRODUCT = YES;
			};
			name = Release;
		};
		D0DDAD151FA8E50B004A683A /* Debug */ = {
			isa = XCBuildConfiguration;
			buildSettings = {
				ASSETCATALOG_COMPILER_APPICON_NAME = AppIcon;
				CODE_SIGN_STYLE = Automatic;
				DEVELOPMENT_TEAM = C3XJQ6RL5C;
				INFOPLIST_FILE = zendeskGuide/Info.plist;
				LD_RUNPATH_SEARCH_PATHS = "$(inherited) @executable_path/Frameworks";
				PRODUCT_BUNDLE_IDENTIFIER = com.mibarbou.zendeskGuide;
				PRODUCT_NAME = "$(TARGET_NAME)";
				SWIFT_VERSION = 4.0;
				TARGETED_DEVICE_FAMILY = "1,2";
			};
			name = Debug;
		};
		D0DDAD161FA8E50B004A683A /* Release */ = {
			isa = XCBuildConfiguration;
			buildSettings = {
				ASSETCATALOG_COMPILER_APPICON_NAME = AppIcon;
				CODE_SIGN_STYLE = Automatic;
				DEVELOPMENT_TEAM = C3XJQ6RL5C;
				INFOPLIST_FILE = zendeskGuide/Info.plist;
				LD_RUNPATH_SEARCH_PATHS = "$(inherited) @executable_path/Frameworks";
				PRODUCT_BUNDLE_IDENTIFIER = com.mibarbou.zendeskGuide;
				PRODUCT_NAME = "$(TARGET_NAME)";
				SWIFT_VERSION = 4.0;
				TARGETED_DEVICE_FAMILY = "1,2";
			};
			name = Release;
		};
		D0DDAD181FA8E50B004A683A /* Debug */ = {
			isa = XCBuildConfiguration;
			buildSettings = {
				ALWAYS_EMBED_SWIFT_STANDARD_LIBRARIES = YES;
				BUNDLE_LOADER = "$(TEST_HOST)";
				CODE_SIGN_STYLE = Automatic;
				DEVELOPMENT_TEAM = C3XJQ6RL5C;
				INFOPLIST_FILE = zendeskGuideTests/Info.plist;
				LD_RUNPATH_SEARCH_PATHS = "$(inherited) @executable_path/Frameworks @loader_path/Frameworks";
				PRODUCT_BUNDLE_IDENTIFIER = com.mibarbou.zendeskGuideTests;
				PRODUCT_NAME = "$(TARGET_NAME)";
				SWIFT_VERSION = 4.0;
				TARGETED_DEVICE_FAMILY = "1,2";
				TEST_HOST = "$(BUILT_PRODUCTS_DIR)/zendeskGuide.app/zendeskGuide";
			};
			name = Debug;
		};
		D0DDAD191FA8E50B004A683A /* Release */ = {
			isa = XCBuildConfiguration;
			buildSettings = {
				ALWAYS_EMBED_SWIFT_STANDARD_LIBRARIES = YES;
				BUNDLE_LOADER = "$(TEST_HOST)";
				CODE_SIGN_STYLE = Automatic;
				DEVELOPMENT_TEAM = C3XJQ6RL5C;
				INFOPLIST_FILE = zendeskGuideTests/Info.plist;
				LD_RUNPATH_SEARCH_PATHS = "$(inherited) @executable_path/Frameworks @loader_path/Frameworks";
				PRODUCT_BUNDLE_IDENTIFIER = com.mibarbou.zendeskGuideTests;
				PRODUCT_NAME = "$(TARGET_NAME)";
				SWIFT_VERSION = 4.0;
				TARGETED_DEVICE_FAMILY = "1,2";
				TEST_HOST = "$(BUILT_PRODUCTS_DIR)/zendeskGuide.app/zendeskGuide";
			};
			name = Release;
		};
/* End XCBuildConfiguration section */

/* Begin XCConfigurationList section */
		D0DDACF71FA8E50B004A683A /* Build configuration list for PBXProject "zendeskGuide" */ = {
			isa = XCConfigurationList;
			buildConfigurations = (
				D0DDAD121FA8E50B004A683A /* Debug */,
				D0DDAD131FA8E50B004A683A /* Release */,
			);
			defaultConfigurationIsVisible = 0;
			defaultConfigurationName = Release;
		};
		D0DDAD141FA8E50B004A683A /* Build configuration list for PBXNativeTarget "zendeskGuide" */ = {
			isa = XCConfigurationList;
			buildConfigurations = (
				D0DDAD151FA8E50B004A683A /* Debug */,
				D0DDAD161FA8E50B004A683A /* Release */,
			);
			defaultConfigurationIsVisible = 0;
			defaultConfigurationName = Release;
		};
		D0DDAD171FA8E50B004A683A /* Build configuration list for PBXNativeTarget "zendeskGuideTests" */ = {
			isa = XCConfigurationList;
			buildConfigurations = (
				D0DDAD181FA8E50B004A683A /* Debug */,
				D0DDAD191FA8E50B004A683A /* Release */,
			);
			defaultConfigurationIsVisible = 0;
			defaultConfigurationName = Release;
		};
/* End XCConfigurationList section */
	};
	rootObject = D0DDACF41FA8E50B004A683A /* Project object */;
}
